// !$*UTF8*$!
{
	archiveVersion = 1;
	classes = {
	};
	objectVersion = 77;
	objects = {

/* Begin PBXBuildFile section */
		020DDF5E2D8359D20004CE0E /* what-is-your-name.mp4 in Resources */ = {isa = PBXBuildFile; fileRef = 020DDF5D2D8359D20004CE0E /* what-is-your-name.mp4 */; };
		02B5F25D2D9D927000B61D9F /* how-are-you.gif in Resources */ = {isa = PBXBuildFile; fileRef = 02B5F25C2D9D927000B61D9F /* how-are-you.gif */; };
		4E4FAA3D025248B47529C4F7 /* Pods_asl_mobile_app_asl_mobile_appUITests.framework in Frameworks */ = {isa = PBXBuildFile; fileRef = 7D507315076B2C97D17F8F15 /* Pods_asl_mobile_app_asl_mobile_appUITests.framework */; };
		DBE15E56609D40810E4778C1 /* Pods_asl_mobile_appTests.framework in Frameworks */ = {isa = PBXBuildFile; fileRef = 5DA165319D8EF7938EA61255 /* Pods_asl_mobile_appTests.framework */; };
		F08683CC32080908750815F7 /* Pods_asl_mobile_app.framework in Frameworks */ = {isa = PBXBuildFile; fileRef = A7FB5C01C732F6D0B3E6A5F2 /* Pods_asl_mobile_app.framework */; };
/* End PBXBuildFile section */

/* Begin PBXContainerItemProxy section */
		3578E31B2D62406E003660F8 /* PBXContainerItemProxy */ = {
			isa = PBXContainerItemProxy;
			containerPortal = 3578E3022D62406D003660F8 /* Project object */;
			proxyType = 1;
			remoteGlobalIDString = 3578E3092D62406D003660F8;
			remoteInfo = "asl-mobile-app";
		};
		3578E3252D62406E003660F8 /* PBXContainerItemProxy */ = {
			isa = PBXContainerItemProxy;
			containerPortal = 3578E3022D62406D003660F8 /* Project object */;
			proxyType = 1;
			remoteGlobalIDString = 3578E3092D62406D003660F8;
			remoteInfo = "asl-mobile-app";
		};
/* End PBXContainerItemProxy section */

/* Begin PBXFileReference section */
		020DDF5D2D8359D20004CE0E /* what-is-your-name.mp4 */ = {isa = PBXFileReference; lastKnownFileType = file; path = "what-is-your-name.mp4"; sourceTree = "<group>"; };
		02B5F25C2D9D927000B61D9F /* how-are-you.gif */ = {isa = PBXFileReference; lastKnownFileType = image.gif; path = "how-are-you.gif"; sourceTree = "<group>"; };
		03F33B210E48AEAF80E1EDF1 /* Pods-asl-mobile-appTests.release.xcconfig */ = {isa = PBXFileReference; includeInIndex = 1; lastKnownFileType = text.xcconfig; name = "Pods-asl-mobile-appTests.release.xcconfig"; path = "Target Support Files/Pods-asl-mobile-appTests/Pods-asl-mobile-appTests.release.xcconfig"; sourceTree = "<group>"; };
		18A39A6EFAEB837D5B2AFC9F /* Pods-asl-mobile-app-asl-mobile-appUITests.release.xcconfig */ = {isa = PBXFileReference; includeInIndex = 1; lastKnownFileType = text.xcconfig; name = "Pods-asl-mobile-app-asl-mobile-appUITests.release.xcconfig"; path = "Target Support Files/Pods-asl-mobile-app-asl-mobile-appUITests/Pods-asl-mobile-app-asl-mobile-appUITests.release.xcconfig"; sourceTree = "<group>"; };
		3578E30A2D62406D003660F8 /* asl-mobile-app.app */ = {isa = PBXFileReference; explicitFileType = wrapper.application; includeInIndex = 0; path = "asl-mobile-app.app"; sourceTree = BUILT_PRODUCTS_DIR; };
		3578E31A2D62406E003660F8 /* asl-mobile-appTests.xctest */ = {isa = PBXFileReference; explicitFileType = wrapper.cfbundle; includeInIndex = 0; path = "asl-mobile-appTests.xctest"; sourceTree = BUILT_PRODUCTS_DIR; };
		3578E3242D62406E003660F8 /* asl-mobile-appUITests.xctest */ = {isa = PBXFileReference; explicitFileType = wrapper.cfbundle; includeInIndex = 0; path = "asl-mobile-appUITests.xctest"; sourceTree = BUILT_PRODUCTS_DIR; };
		41CCD7C4AF565285F9DE6CBA /* Pods-asl-mobile-app-asl-mobile-appUITests.debug.xcconfig */ = {isa = PBXFileReference; includeInIndex = 1; lastKnownFileType = text.xcconfig; name = "Pods-asl-mobile-app-asl-mobile-appUITests.debug.xcconfig"; path = "Target Support Files/Pods-asl-mobile-app-asl-mobile-appUITests/Pods-asl-mobile-app-asl-mobile-appUITests.debug.xcconfig"; sourceTree = "<group>"; };
		5DA165319D8EF7938EA61255 /* Pods_asl_mobile_appTests.framework */ = {isa = PBXFileReference; explicitFileType = wrapper.framework; includeInIndex = 0; path = Pods_asl_mobile_appTests.framework; sourceTree = BUILT_PRODUCTS_DIR; };
		7D507315076B2C97D17F8F15 /* Pods_asl_mobile_app_asl_mobile_appUITests.framework */ = {isa = PBXFileReference; explicitFileType = wrapper.framework; includeInIndex = 0; path = Pods_asl_mobile_app_asl_mobile_appUITests.framework; sourceTree = BUILT_PRODUCTS_DIR; };
		88CFC6D76F0599F780A34823 /* Pods-asl-mobile-app.release.xcconfig */ = {isa = PBXFileReference; includeInIndex = 1; lastKnownFileType = text.xcconfig; name = "Pods-asl-mobile-app.release.xcconfig"; path = "Target Support Files/Pods-asl-mobile-app/Pods-asl-mobile-app.release.xcconfig"; sourceTree = "<group>"; };
		A7FB5C01C732F6D0B3E6A5F2 /* Pods_asl_mobile_app.framework */ = {isa = PBXFileReference; explicitFileType = wrapper.framework; includeInIndex = 0; path = Pods_asl_mobile_app.framework; sourceTree = BUILT_PRODUCTS_DIR; };
		C32761FB76092096F6CA2935 /* Pods-asl-mobile-app.debug.xcconfig */ = {isa = PBXFileReference; includeInIndex = 1; lastKnownFileType = text.xcconfig; name = "Pods-asl-mobile-app.debug.xcconfig"; path = "Target Support Files/Pods-asl-mobile-app/Pods-asl-mobile-app.debug.xcconfig"; sourceTree = "<group>"; };
		E1B9FF11BBDAE09B695AFD35 /* Pods-asl-mobile-appTests.debug.xcconfig */ = {isa = PBXFileReference; includeInIndex = 1; lastKnownFileType = text.xcconfig; name = "Pods-asl-mobile-appTests.debug.xcconfig"; path = "Target Support Files/Pods-asl-mobile-appTests/Pods-asl-mobile-appTests.debug.xcconfig"; sourceTree = "<group>"; };
/* End PBXFileReference section */

/* Begin PBXFileSystemSynchronizedRootGroup section */
		3578E30C2D62406D003660F8 /* asl-mobile-app */ = {
			isa = PBXFileSystemSynchronizedRootGroup;
			path = "asl-mobile-app";
			sourceTree = "<group>";
		};
		3578E31D2D62406E003660F8 /* asl-mobile-appTests */ = {
			isa = PBXFileSystemSynchronizedRootGroup;
			path = "asl-mobile-appTests";
			sourceTree = "<group>";
		};
		3578E3272D62406E003660F8 /* asl-mobile-appUITests */ = {
			isa = PBXFileSystemSynchronizedRootGroup;
			path = "asl-mobile-appUITests";
			sourceTree = "<group>";
		};
/* End PBXFileSystemSynchronizedRootGroup section */

/* Begin PBXFrameworksBuildPhase section */
		3578E3072D62406D003660F8 /* Frameworks */ = {
			isa = PBXFrameworksBuildPhase;
			buildActionMask = 2147483647;
			files = (
				F08683CC32080908750815F7 /* Pods_asl_mobile_app.framework in Frameworks */,
			);
			runOnlyForDeploymentPostprocessing = 0;
		};
		3578E3172D62406E003660F8 /* Frameworks */ = {
			isa = PBXFrameworksBuildPhase;
			buildActionMask = 2147483647;
			files = (
				DBE15E56609D40810E4778C1 /* Pods_asl_mobile_appTests.framework in Frameworks */,
			);
			runOnlyForDeploymentPostprocessing = 0;
		};
		3578E3212D62406E003660F8 /* Frameworks */ = {
			isa = PBXFrameworksBuildPhase;
			buildActionMask = 2147483647;
			files = (
				4E4FAA3D025248B47529C4F7 /* Pods_asl_mobile_app_asl_mobile_appUITests.framework in Frameworks */,
			);
			runOnlyForDeploymentPostprocessing = 0;
		};
/* End PBXFrameworksBuildPhase section */

/* Begin PBXGroup section */
		020DDF5F2D8369190004CE0E /* Resources */ = {
			isa = PBXGroup;
			children = (
				02B5F25C2D9D927000B61D9F /* how-are-you.gif */,
				020DDF5D2D8359D20004CE0E /* what-is-your-name.mp4 */,
			);
			path = Resources;
			sourceTree = "<group>";
		};
		3578E3012D62406D003660F8 = {
			isa = PBXGroup;
			children = (
				3578E30C2D62406D003660F8 /* asl-mobile-app */,
				3578E31D2D62406E003660F8 /* asl-mobile-appTests */,
				3578E3272D62406E003660F8 /* asl-mobile-appUITests */,
				5AE7C2C0E2E7F272CCC61714 /* Frameworks */,
				86BDBC8A7B954078A4F67B29 /* Pods */,
				3578E30B2D62406D003660F8 /* Products */,
				020DDF5F2D8369190004CE0E /* Resources */,
			);
			sourceTree = "<group>";
		};
		3578E30B2D62406D003660F8 /* Products */ = {
			isa = PBXGroup;
			children = (
				3578E30A2D62406D003660F8 /* asl-mobile-app.app */,
				3578E31A2D62406E003660F8 /* asl-mobile-appTests.xctest */,
				3578E3242D62406E003660F8 /* asl-mobile-appUITests.xctest */,
			);
			name = Products;
			sourceTree = "<group>";
		};
		5AE7C2C0E2E7F272CCC61714 /* Frameworks */ = {
			isa = PBXGroup;
			children = (
				A7FB5C01C732F6D0B3E6A5F2 /* Pods_asl_mobile_app.framework */,
				7D507315076B2C97D17F8F15 /* Pods_asl_mobile_app_asl_mobile_appUITests.framework */,
				5DA165319D8EF7938EA61255 /* Pods_asl_mobile_appTests.framework */,
			);
			name = Frameworks;
			sourceTree = "<group>";
		};
		86BDBC8A7B954078A4F67B29 /* Pods */ = {
			isa = PBXGroup;
			children = (
				C32761FB76092096F6CA2935 /* Pods-asl-mobile-app.debug.xcconfig */,
				88CFC6D76F0599F780A34823 /* Pods-asl-mobile-app.release.xcconfig */,
				41CCD7C4AF565285F9DE6CBA /* Pods-asl-mobile-app-asl-mobile-appUITests.debug.xcconfig */,
				18A39A6EFAEB837D5B2AFC9F /* Pods-asl-mobile-app-asl-mobile-appUITests.release.xcconfig */,
				E1B9FF11BBDAE09B695AFD35 /* Pods-asl-mobile-appTests.debug.xcconfig */,
				03F33B210E48AEAF80E1EDF1 /* Pods-asl-mobile-appTests.release.xcconfig */,
			);
			path = Pods;
			sourceTree = "<group>";
		};
/* End PBXGroup section */

/* Begin PBXNativeTarget section */
		3578E3092D62406D003660F8 /* asl-mobile-app */ = {
			isa = PBXNativeTarget;
			buildConfigurationList = 3578E32E2D62406E003660F8 /* Build configuration list for PBXNativeTarget "asl-mobile-app" */;
			buildPhases = (
				CF511C4364139FB2896CE8FE /* [CP] Check Pods Manifest.lock */,
				3578E3062D62406D003660F8 /* Sources */,
				3578E3072D62406D003660F8 /* Frameworks */,
				3578E3082D62406D003660F8 /* Resources */,
				DC898CDEA6EE2F40655B2535 /* [CP] Embed Pods Frameworks */,
			);
			buildRules = (
			);
			dependencies = (
			);
			fileSystemSynchronizedGroups = (
				3578E30C2D62406D003660F8 /* asl-mobile-app */,
			);
			name = "asl-mobile-app";
			productName = "asl-mobile-app";
			productReference = 3578E30A2D62406D003660F8 /* asl-mobile-app.app */;
			productType = "com.apple.product-type.application";
		};
		3578E3192D62406E003660F8 /* asl-mobile-appTests */ = {
			isa = PBXNativeTarget;
			buildConfigurationList = 3578E3312D62406E003660F8 /* Build configuration list for PBXNativeTarget "asl-mobile-appTests" */;
			buildPhases = (
				BE166C7B761C7A8305E71C23 /* [CP] Check Pods Manifest.lock */,
				3578E3162D62406E003660F8 /* Sources */,
				3578E3172D62406E003660F8 /* Frameworks */,
				3578E3182D62406E003660F8 /* Resources */,
			);
			buildRules = (
			);
			dependencies = (
				3578E31C2D62406E003660F8 /* PBXTargetDependency */,
			);
			fileSystemSynchronizedGroups = (
				3578E31D2D62406E003660F8 /* asl-mobile-appTests */,
			);
			name = "asl-mobile-appTests";
			productName = "asl-mobile-appTests";
			productReference = 3578E31A2D62406E003660F8 /* asl-mobile-appTests.xctest */;
			productType = "com.apple.product-type.bundle.unit-test";
		};
		3578E3232D62406E003660F8 /* asl-mobile-appUITests */ = {
			isa = PBXNativeTarget;
			buildConfigurationList = 3578E3342D62406E003660F8 /* Build configuration list for PBXNativeTarget "asl-mobile-appUITests" */;
			buildPhases = (
				D0C80D4DBD040B6103A037DE /* [CP] Check Pods Manifest.lock */,
				3578E3202D62406E003660F8 /* Sources */,
				3578E3212D62406E003660F8 /* Frameworks */,
				3578E3222D62406E003660F8 /* Resources */,
				21181611E3908F39CA5A3E28 /* [CP] Embed Pods Frameworks */,
			);
			buildRules = (
			);
			dependencies = (
				3578E3262D62406E003660F8 /* PBXTargetDependency */,
			);
			fileSystemSynchronizedGroups = (
				3578E3272D62406E003660F8 /* asl-mobile-appUITests */,
			);
			name = "asl-mobile-appUITests";
			productName = "asl-mobile-appUITests";
			productReference = 3578E3242D62406E003660F8 /* asl-mobile-appUITests.xctest */;
			productType = "com.apple.product-type.bundle.ui-testing";
		};
/* End PBXNativeTarget section */

/* Begin PBXProject section */
		3578E3022D62406D003660F8 /* Project object */ = {
			isa = PBXProject;
			attributes = {
				BuildIndependentTargetsInParallel = 1;
				LastSwiftUpdateCheck = 1620;
				LastUpgradeCheck = 1620;
				TargetAttributes = {
					3578E3092D62406D003660F8 = {
						CreatedOnToolsVersion = 16.2;
					};
					3578E3192D62406E003660F8 = {
						CreatedOnToolsVersion = 16.2;
						TestTargetID = 3578E3092D62406D003660F8;
					};
					3578E3232D62406E003660F8 = {
						CreatedOnToolsVersion = 16.2;
						TestTargetID = 3578E3092D62406D003660F8;
					};
				};
			};
			buildConfigurationList = 3578E3052D62406D003660F8 /* Build configuration list for PBXProject "asl-mobile-app" */;
			developmentRegion = en;
			hasScannedForEncodings = 0;
			knownRegions = (
				en,
				Base,
			);
			mainGroup = 3578E3012D62406D003660F8;
			minimizedProjectReferenceProxies = 1;
			preferredProjectObjectVersion = 77;
			productRefGroup = 3578E30B2D62406D003660F8 /* Products */;
			projectDirPath = "";
			projectRoot = "";
			targets = (
				3578E3092D62406D003660F8 /* asl-mobile-app */,
				3578E3192D62406E003660F8 /* asl-mobile-appTests */,
				3578E3232D62406E003660F8 /* asl-mobile-appUITests */,
			);
		};
/* End PBXProject section */

/* Begin PBXResourcesBuildPhase section */
		3578E3082D62406D003660F8 /* Resources */ = {
			isa = PBXResourcesBuildPhase;
			buildActionMask = 2147483647;
			files = (
				02B5F25D2D9D927000B61D9F /* how-are-you.gif in Resources */,
				020DDF5E2D8359D20004CE0E /* what-is-your-name.mp4 in Resources */,
			);
			runOnlyForDeploymentPostprocessing = 0;
		};
		3578E3182D62406E003660F8 /* Resources */ = {
			isa = PBXResourcesBuildPhase;
			buildActionMask = 2147483647;
			files = (
			);
			runOnlyForDeploymentPostprocessing = 0;
		};
		3578E3222D62406E003660F8 /* Resources */ = {
			isa = PBXResourcesBuildPhase;
			buildActionMask = 2147483647;
			files = (
			);
			runOnlyForDeploymentPostprocessing = 0;
		};
/* End PBXResourcesBuildPhase section */

/* Begin PBXShellScriptBuildPhase section */
		21181611E3908F39CA5A3E28 /* [CP] Embed Pods Frameworks */ = {
			isa = PBXShellScriptBuildPhase;
			buildActionMask = 2147483647;
			files = (
			);
			inputFileListPaths = (
				"${PODS_ROOT}/Target Support Files/Pods-asl-mobile-app-asl-mobile-appUITests/Pods-asl-mobile-app-asl-mobile-appUITests-frameworks-${CONFIGURATION}-input-files.xcfilelist",
			);
			inputPaths = (
			);
			name = "[CP] Embed Pods Frameworks";
			outputFileListPaths = (
				"${PODS_ROOT}/Target Support Files/Pods-asl-mobile-app-asl-mobile-appUITests/Pods-asl-mobile-app-asl-mobile-appUITests-frameworks-${CONFIGURATION}-output-files.xcfilelist",
			);
			outputPaths = (
			);
			runOnlyForDeploymentPostprocessing = 0;
			shellPath = /bin/sh;
			shellScript = "\"${PODS_ROOT}/Target Support Files/Pods-asl-mobile-app-asl-mobile-appUITests/Pods-asl-mobile-app-asl-mobile-appUITests-frameworks.sh\"\n";
			showEnvVarsInLog = 0;
		};
		BE166C7B761C7A8305E71C23 /* [CP] Check Pods Manifest.lock */ = {
			isa = PBXShellScriptBuildPhase;
			buildActionMask = 2147483647;
			files = (
			);
			inputFileListPaths = (
			);
			inputPaths = (
				"${PODS_PODFILE_DIR_PATH}/Podfile.lock",
				"${PODS_ROOT}/Manifest.lock",
			);
			name = "[CP] Check Pods Manifest.lock";
			outputFileListPaths = (
			);
			outputPaths = (
				"$(DERIVED_FILE_DIR)/Pods-asl-mobile-appTests-checkManifestLockResult.txt",
			);
			runOnlyForDeploymentPostprocessing = 0;
			shellPath = /bin/sh;
			shellScript = "diff \"${PODS_PODFILE_DIR_PATH}/Podfile.lock\" \"${PODS_ROOT}/Manifest.lock\" > /dev/null\nif [ $? != 0 ] ; then\n    # print error to STDERR\n    echo \"error: The sandbox is not in sync with the Podfile.lock. Run 'pod install' or update your CocoaPods installation.\" >&2\n    exit 1\nfi\n# This output is used by Xcode 'outputs' to avoid re-running this script phase.\necho \"SUCCESS\" > \"${SCRIPT_OUTPUT_FILE_0}\"\n";
			showEnvVarsInLog = 0;
		};
		CF511C4364139FB2896CE8FE /* [CP] Check Pods Manifest.lock */ = {
			isa = PBXShellScriptBuildPhase;
			buildActionMask = 2147483647;
			files = (
			);
			inputFileListPaths = (
			);
			inputPaths = (
				"${PODS_PODFILE_DIR_PATH}/Podfile.lock",
				"${PODS_ROOT}/Manifest.lock",
			);
			name = "[CP] Check Pods Manifest.lock";
			outputFileListPaths = (
			);
			outputPaths = (
				"$(DERIVED_FILE_DIR)/Pods-asl-mobile-app-checkManifestLockResult.txt",
			);
			runOnlyForDeploymentPostprocessing = 0;
			shellPath = /bin/sh;
			shellScript = "diff \"${PODS_PODFILE_DIR_PATH}/Podfile.lock\" \"${PODS_ROOT}/Manifest.lock\" > /dev/null\nif [ $? != 0 ] ; then\n    # print error to STDERR\n    echo \"error: The sandbox is not in sync with the Podfile.lock. Run 'pod install' or update your CocoaPods installation.\" >&2\n    exit 1\nfi\n# This output is used by Xcode 'outputs' to avoid re-running this script phase.\necho \"SUCCESS\" > \"${SCRIPT_OUTPUT_FILE_0}\"\n";
			showEnvVarsInLog = 0;
		};
		D0C80D4DBD040B6103A037DE /* [CP] Check Pods Manifest.lock */ = {
			isa = PBXShellScriptBuildPhase;
			buildActionMask = 2147483647;
			files = (
			);
			inputFileListPaths = (
			);
			inputPaths = (
				"${PODS_PODFILE_DIR_PATH}/Podfile.lock",
				"${PODS_ROOT}/Manifest.lock",
			);
			name = "[CP] Check Pods Manifest.lock";
			outputFileListPaths = (
			);
			outputPaths = (
				"$(DERIVED_FILE_DIR)/Pods-asl-mobile-app-asl-mobile-appUITests-checkManifestLockResult.txt",
			);
			runOnlyForDeploymentPostprocessing = 0;
			shellPath = /bin/sh;
			shellScript = "diff \"${PODS_PODFILE_DIR_PATH}/Podfile.lock\" \"${PODS_ROOT}/Manifest.lock\" > /dev/null\nif [ $? != 0 ] ; then\n    # print error to STDERR\n    echo \"error: The sandbox is not in sync with the Podfile.lock. Run 'pod install' or update your CocoaPods installation.\" >&2\n    exit 1\nfi\n# This output is used by Xcode 'outputs' to avoid re-running this script phase.\necho \"SUCCESS\" > \"${SCRIPT_OUTPUT_FILE_0}\"\n";
			showEnvVarsInLog = 0;
		};
		DC898CDEA6EE2F40655B2535 /* [CP] Embed Pods Frameworks */ = {
			isa = PBXShellScriptBuildPhase;
			buildActionMask = 2147483647;
			files = (
			);
			inputFileListPaths = (
				"${PODS_ROOT}/Target Support Files/Pods-asl-mobile-app/Pods-asl-mobile-app-frameworks-${CONFIGURATION}-input-files.xcfilelist",
			);
			inputPaths = (
			);
			name = "[CP] Embed Pods Frameworks";
			outputFileListPaths = (
				"${PODS_ROOT}/Target Support Files/Pods-asl-mobile-app/Pods-asl-mobile-app-frameworks-${CONFIGURATION}-output-files.xcfilelist",
			);
			outputPaths = (
			);
			runOnlyForDeploymentPostprocessing = 0;
			shellPath = /bin/sh;
			shellScript = "\"${PODS_ROOT}/Target Support Files/Pods-asl-mobile-app/Pods-asl-mobile-app-frameworks.sh\"\n";
			showEnvVarsInLog = 0;
		};
/* End PBXShellScriptBuildPhase section */

/* Begin PBXSourcesBuildPhase section */
		3578E3062D62406D003660F8 /* Sources */ = {
			isa = PBXSourcesBuildPhase;
			buildActionMask = 2147483647;
			files = (
			);
			runOnlyForDeploymentPostprocessing = 0;
		};
		3578E3162D62406E003660F8 /* Sources */ = {
			isa = PBXSourcesBuildPhase;
			buildActionMask = 2147483647;
			files = (
			);
			runOnlyForDeploymentPostprocessing = 0;
		};
		3578E3202D62406E003660F8 /* Sources */ = {
			isa = PBXSourcesBuildPhase;
			buildActionMask = 2147483647;
			files = (
			);
			runOnlyForDeploymentPostprocessing = 0;
		};
/* End PBXSourcesBuildPhase section */

/* Begin PBXTargetDependency section */
		3578E31C2D62406E003660F8 /* PBXTargetDependency */ = {
			isa = PBXTargetDependency;
			target = 3578E3092D62406D003660F8 /* asl-mobile-app */;
			targetProxy = 3578E31B2D62406E003660F8 /* PBXContainerItemProxy */;
		};
		3578E3262D62406E003660F8 /* PBXTargetDependency */ = {
			isa = PBXTargetDependency;
			target = 3578E3092D62406D003660F8 /* asl-mobile-app */;
			targetProxy = 3578E3252D62406E003660F8 /* PBXContainerItemProxy */;
		};
/* End PBXTargetDependency section */

/* Begin XCBuildConfiguration section */
		3578E32C2D62406E003660F8 /* Debug */ = {
			isa = XCBuildConfiguration;
			buildSettings = {
				ALWAYS_SEARCH_USER_PATHS = NO;
				ASSETCATALOG_COMPILER_GENERATE_SWIFT_ASSET_SYMBOL_EXTENSIONS = YES;
				CLANG_ANALYZER_NONNULL = YES;
				CLANG_ANALYZER_NUMBER_OBJECT_CONVERSION = YES_AGGRESSIVE;
				CLANG_CXX_LANGUAGE_STANDARD = "gnu++20";
				CLANG_ENABLE_MODULES = YES;
				CLANG_ENABLE_OBJC_ARC = YES;
				CLANG_ENABLE_OBJC_WEAK = YES;
				CLANG_WARN_BLOCK_CAPTURE_AUTORELEASING = YES;
				CLANG_WARN_BOOL_CONVERSION = YES;
				CLANG_WARN_COMMA = YES;
				CLANG_WARN_CONSTANT_CONVERSION = YES;
				CLANG_WARN_DEPRECATED_OBJC_IMPLEMENTATIONS = YES;
				CLANG_WARN_DIRECT_OBJC_ISA_USAGE = YES_ERROR;
				CLANG_WARN_DOCUMENTATION_COMMENTS = YES;
				CLANG_WARN_EMPTY_BODY = YES;
				CLANG_WARN_ENUM_CONVERSION = YES;
				CLANG_WARN_INFINITE_RECURSION = YES;
				CLANG_WARN_INT_CONVERSION = YES;
				CLANG_WARN_NON_LITERAL_NULL_CONVERSION = YES;
				CLANG_WARN_OBJC_IMPLICIT_RETAIN_SELF = YES;
				CLANG_WARN_OBJC_LITERAL_CONVERSION = YES;
				CLANG_WARN_OBJC_ROOT_CLASS = YES_ERROR;
				CLANG_WARN_QUOTED_INCLUDE_IN_FRAMEWORK_HEADER = YES;
				CLANG_WARN_RANGE_LOOP_ANALYSIS = YES;
				CLANG_WARN_STRICT_PROTOTYPES = YES;
				CLANG_WARN_SUSPICIOUS_MOVE = YES;
				CLANG_WARN_UNGUARDED_AVAILABILITY = YES_AGGRESSIVE;
				CLANG_WARN_UNREACHABLE_CODE = YES;
				CLANG_WARN__DUPLICATE_METHOD_MATCH = YES;
				COPY_PHASE_STRIP = NO;
				DEBUG_INFORMATION_FORMAT = dwarf;
				ENABLE_STRICT_OBJC_MSGSEND = YES;
				ENABLE_TESTABILITY = YES;
				ENABLE_USER_SCRIPT_SANDBOXING = NO;
				GCC_C_LANGUAGE_STANDARD = gnu17;
				GCC_DYNAMIC_NO_PIC = NO;
				GCC_NO_COMMON_BLOCKS = YES;
				GCC_OPTIMIZATION_LEVEL = 0;
				GCC_PREPROCESSOR_DEFINITIONS = (
					"DEBUG=1",
					"$(inherited)",
				);
				GCC_WARN_64_TO_32_BIT_CONVERSION = YES;
				GCC_WARN_ABOUT_RETURN_TYPE = YES_ERROR;
				GCC_WARN_UNDECLARED_SELECTOR = YES;
				GCC_WARN_UNINITIALIZED_AUTOS = YES_AGGRESSIVE;
				GCC_WARN_UNUSED_FUNCTION = YES;
				GCC_WARN_UNUSED_VARIABLE = YES;
				IPHONEOS_DEPLOYMENT_TARGET = 18.2;
				LOCALIZATION_PREFERS_STRING_CATALOGS = YES;
				MTL_ENABLE_DEBUG_INFO = INCLUDE_SOURCE;
				MTL_FAST_MATH = YES;
				ONLY_ACTIVE_ARCH = YES;
				SDKROOT = iphoneos;
				SWIFT_ACTIVE_COMPILATION_CONDITIONS = "DEBUG $(inherited)";
				SWIFT_OPTIMIZATION_LEVEL = "-Onone";
			};
			name = Debug;
		};
		3578E32D2D62406E003660F8 /* Release */ = {
			isa = XCBuildConfiguration;
			buildSettings = {
				ALWAYS_SEARCH_USER_PATHS = NO;
				ASSETCATALOG_COMPILER_GENERATE_SWIFT_ASSET_SYMBOL_EXTENSIONS = YES;
				CLANG_ANALYZER_NONNULL = YES;
				CLANG_ANALYZER_NUMBER_OBJECT_CONVERSION = YES_AGGRESSIVE;
				CLANG_CXX_LANGUAGE_STANDARD = "gnu++20";
				CLANG_ENABLE_MODULES = YES;
				CLANG_ENABLE_OBJC_ARC = YES;
				CLANG_ENABLE_OBJC_WEAK = YES;
				CLANG_WARN_BLOCK_CAPTURE_AUTORELEASING = YES;
				CLANG_WARN_BOOL_CONVERSION = YES;
				CLANG_WARN_COMMA = YES;
				CLANG_WARN_CONSTANT_CONVERSION = YES;
				CLANG_WARN_DEPRECATED_OBJC_IMPLEMENTATIONS = YES;
				CLANG_WARN_DIRECT_OBJC_ISA_USAGE = YES_ERROR;
				CLANG_WARN_DOCUMENTATION_COMMENTS = YES;
				CLANG_WARN_EMPTY_BODY = YES;
				CLANG_WARN_ENUM_CONVERSION = YES;
				CLANG_WARN_INFINITE_RECURSION = YES;
				CLANG_WARN_INT_CONVERSION = YES;
				CLANG_WARN_NON_LITERAL_NULL_CONVERSION = YES;
				CLANG_WARN_OBJC_IMPLICIT_RETAIN_SELF = YES;
				CLANG_WARN_OBJC_LITERAL_CONVERSION = YES;
				CLANG_WARN_OBJC_ROOT_CLASS = YES_ERROR;
				CLANG_WARN_QUOTED_INCLUDE_IN_FRAMEWORK_HEADER = YES;
				CLANG_WARN_RANGE_LOOP_ANALYSIS = YES;
				CLANG_WARN_STRICT_PROTOTYPES = YES;
				CLANG_WARN_SUSPICIOUS_MOVE = YES;
				CLANG_WARN_UNGUARDED_AVAILABILITY = YES_AGGRESSIVE;
				CLANG_WARN_UNREACHABLE_CODE = YES;
				CLANG_WARN__DUPLICATE_METHOD_MATCH = YES;
				COPY_PHASE_STRIP = NO;
				DEBUG_INFORMATION_FORMAT = "dwarf-with-dsym";
				ENABLE_NS_ASSERTIONS = NO;
				ENABLE_STRICT_OBJC_MSGSEND = YES;
				ENABLE_USER_SCRIPT_SANDBOXING = NO;
				GCC_C_LANGUAGE_STANDARD = gnu17;
				GCC_NO_COMMON_BLOCKS = YES;
				GCC_WARN_64_TO_32_BIT_CONVERSION = YES;
				GCC_WARN_ABOUT_RETURN_TYPE = YES_ERROR;
				GCC_WARN_UNDECLARED_SELECTOR = YES;
				GCC_WARN_UNINITIALIZED_AUTOS = YES_AGGRESSIVE;
				GCC_WARN_UNUSED_FUNCTION = YES;
				GCC_WARN_UNUSED_VARIABLE = YES;
				IPHONEOS_DEPLOYMENT_TARGET = 18.2;
				LOCALIZATION_PREFERS_STRING_CATALOGS = YES;
				MTL_ENABLE_DEBUG_INFO = NO;
				MTL_FAST_MATH = YES;
				SDKROOT = iphoneos;
				SWIFT_COMPILATION_MODE = wholemodule;
				VALIDATE_PRODUCT = YES;
			};
			name = Release;
		};
		3578E32F2D62406E003660F8 /* Debug */ = {
			isa = XCBuildConfiguration;
			baseConfigurationReference = C32761FB76092096F6CA2935 /* Pods-asl-mobile-app.debug.xcconfig */;
			buildSettings = {
				ASSETCATALOG_COMPILER_APPICON_NAME = AppIcon;
				ASSETCATALOG_COMPILER_GLOBAL_ACCENT_COLOR_NAME = AccentColor;
				ASSETCATALOG_COMPILER_INCLUDE_ALL_APPICON_ASSETS = YES;
				CODE_SIGN_STYLE = Automatic;
				CURRENT_PROJECT_VERSION = 1;
				DEVELOPMENT_ASSET_PATHS = "\"asl-mobile-app/Preview Content\"";
				DEVELOPMENT_TEAM = 3F74QMWA5M;
				ENABLE_PREVIEWS = YES;
				GENERATE_INFOPLIST_FILE = YES;
				INFOPLIST_KEY_CFBundleDisplayName = ASLearning;
				INFOPLIST_KEY_NSCameraUsageDescription = "The app uses the camera for the gesture recognition feature ";
				INFOPLIST_KEY_UIApplicationSceneManifest_Generation = YES;
				INFOPLIST_KEY_UIApplicationSupportsIndirectInputEvents = YES;
				INFOPLIST_KEY_UILaunchScreen_Generation = YES;
				INFOPLIST_KEY_UILaunchStoryboardName = "";
				INFOPLIST_KEY_UISupportedInterfaceOrientations_iPad = "UIInterfaceOrientationPortrait UIInterfaceOrientationPortraitUpsideDown UIInterfaceOrientationLandscapeLeft UIInterfaceOrientationLandscapeRight";
				INFOPLIST_KEY_UISupportedInterfaceOrientations_iPhone = "UIInterfaceOrientationPortrait UIInterfaceOrientationLandscapeLeft UIInterfaceOrientationLandscapeRight";
				IPHONEOS_DEPLOYMENT_TARGET = 18.0.1;
				LD_RUNPATH_SEARCH_PATHS = (
					"$(inherited)",
					"@executable_path/Frameworks",
				);
				MARKETING_VERSION = 1.0;
				PRODUCT_BUNDLE_IDENTIFIER = "com.bachelor.asl-mobile-app";
				PRODUCT_NAME = "$(TARGET_NAME)";
				SWIFT_EMIT_LOC_STRINGS = YES;
				SWIFT_VERSION = 5.0;
				TARGETED_DEVICE_FAMILY = "1,2";
			};
			name = Debug;
		};
		3578E3302D62406E003660F8 /* Release */ = {
			isa = XCBuildConfiguration;
			baseConfigurationReference = 88CFC6D76F0599F780A34823 /* Pods-asl-mobile-app.release.xcconfig */;
			buildSettings = {
				ASSETCATALOG_COMPILER_APPICON_NAME = AppIcon;
				ASSETCATALOG_COMPILER_GLOBAL_ACCENT_COLOR_NAME = AccentColor;
				ASSETCATALOG_COMPILER_INCLUDE_ALL_APPICON_ASSETS = YES;
				CODE_SIGN_STYLE = Automatic;
				CURRENT_PROJECT_VERSION = 1;
				DEVELOPMENT_ASSET_PATHS = "\"asl-mobile-app/Preview Content\"";
				DEVELOPMENT_TEAM = 3F74QMWA5M;
				ENABLE_PREVIEWS = YES;
				GENERATE_INFOPLIST_FILE = YES;
				INFOPLIST_KEY_CFBundleDisplayName = ASLearning;
				INFOPLIST_KEY_NSCameraUsageDescription = "The app uses the camera for the gesture recognition feature ";
				INFOPLIST_KEY_UIApplicationSceneManifest_Generation = YES;
				INFOPLIST_KEY_UIApplicationSupportsIndirectInputEvents = YES;
				INFOPLIST_KEY_UILaunchScreen_Generation = YES;
				INFOPLIST_KEY_UILaunchStoryboardName = "";
				INFOPLIST_KEY_UISupportedInterfaceOrientations_iPad = "UIInterfaceOrientationPortrait UIInterfaceOrientationPortraitUpsideDown UIInterfaceOrientationLandscapeLeft UIInterfaceOrientationLandscapeRight";
				INFOPLIST_KEY_UISupportedInterfaceOrientations_iPhone = "UIInterfaceOrientationPortrait UIInterfaceOrientationLandscapeLeft UIInterfaceOrientationLandscapeRight";
				IPHONEOS_DEPLOYMENT_TARGET = 18.0.1;
				LD_RUNPATH_SEARCH_PATHS = (
					"$(inherited)",
					"@executable_path/Frameworks",
				);
				MARKETING_VERSION = 1.0;
				PRODUCT_BUNDLE_IDENTIFIER = "com.bachelor.asl-mobile-app";
				PRODUCT_NAME = "$(TARGET_NAME)";
				SWIFT_EMIT_LOC_STRINGS = YES;
				SWIFT_VERSION = 5.0;
				TARGETED_DEVICE_FAMILY = "1,2";
			};
			name = Release;
		};
		3578E3322D62406E003660F8 /* Debug */ = {
			isa = XCBuildConfiguration;
			baseConfigurationReference = E1B9FF11BBDAE09B695AFD35 /* Pods-asl-mobile-appTests.debug.xcconfig */;
			buildSettings = {
				BUNDLE_LOADER = "$(TEST_HOST)";
				CODE_SIGN_STYLE = Automatic;
				CURRENT_PROJECT_VERSION = 1;
				DEVELOPMENT_TEAM = SW8PV68P39;
				GENERATE_INFOPLIST_FILE = YES;
				IPHONEOS_DEPLOYMENT_TARGET = 18.2;
				MARKETING_VERSION = 1.0;
				PRODUCT_BUNDLE_IDENTIFIER = "com.bachelor.asl-mobile-appTests";
				PRODUCT_NAME = "$(TARGET_NAME)";
				SWIFT_EMIT_LOC_STRINGS = NO;
				SWIFT_VERSION = 5.0;
				TARGETED_DEVICE_FAMILY = "1,2";
				TEST_HOST = "$(BUILT_PRODUCTS_DIR)/asl-mobile-app.app/$(BUNDLE_EXECUTABLE_FOLDER_PATH)/asl-mobile-app";
			};
			name = Debug;
		};
		3578E3332D62406E003660F8 /* Release */ = {
			isa = XCBuildConfiguration;
			baseConfigurationReference = 03F33B210E48AEAF80E1EDF1 /* Pods-asl-mobile-appTests.release.xcconfig */;
			buildSettings = {
				BUNDLE_LOADER = "$(TEST_HOST)";
				CODE_SIGN_STYLE = Automatic;
				CURRENT_PROJECT_VERSION = 1;
				DEVELOPMENT_TEAM = SW8PV68P39;
				GENERATE_INFOPLIST_FILE = YES;
				IPHONEOS_DEPLOYMENT_TARGET = 18.2;
				MARKETING_VERSION = 1.0;
				PRODUCT_BUNDLE_IDENTIFIER = "com.bachelor.asl-mobile-appTests";
				PRODUCT_NAME = "$(TARGET_NAME)";
				SWIFT_EMIT_LOC_STRINGS = NO;
				SWIFT_VERSION = 5.0;
				TARGETED_DEVICE_FAMILY = "1,2";
				TEST_HOST = "$(BUILT_PRODUCTS_DIR)/asl-mobile-app.app/$(BUNDLE_EXECUTABLE_FOLDER_PATH)/asl-mobile-app";
			};
			name = Release;
		};
		3578E3352D62406E003660F8 /* Debug */ = {
			isa = XCBuildConfiguration;
			baseConfigurationReference = 41CCD7C4AF565285F9DE6CBA /* Pods-asl-mobile-app-asl-mobile-appUITests.debug.xcconfig */;
			buildSettings = {
				CODE_SIGN_STYLE = Automatic;
				CURRENT_PROJECT_VERSION = 1;
				DEVELOPMENT_TEAM = SW8PV68P39;
				GENERATE_INFOPLIST_FILE = YES;
				MARKETING_VERSION = 1.0;
				PRODUCT_BUNDLE_IDENTIFIER = "com.bachelor.asl-mobile-appUITests";
				PRODUCT_NAME = "$(TARGET_NAME)";
				SWIFT_EMIT_LOC_STRINGS = NO;
				SWIFT_VERSION = 5.0;
				TARGETED_DEVICE_FAMILY = "1,2";
				TEST_TARGET_NAME = "asl-mobile-app";
			};
			name = Debug;
		};
		3578E3362D62406E003660F8 /* Release */ = {
			isa = XCBuildConfiguration;
			baseConfigurationReference = 18A39A6EFAEB837D5B2AFC9F /* Pods-asl-mobile-app-asl-mobile-appUITests.release.xcconfig */;
			buildSettings = {
				CODE_SIGN_STYLE = Automatic;
				CURRENT_PROJECT_VERSION = 1;
				DEVELOPMENT_TEAM = SW8PV68P39;
				GENERATE_INFOPLIST_FILE = YES;
				MARKETING_VERSION = 1.0;
				PRODUCT_BUNDLE_IDENTIFIER = "com.bachelor.asl-mobile-appUITests";
				PRODUCT_NAME = "$(TARGET_NAME)";
				SWIFT_EMIT_LOC_STRINGS = NO;
				SWIFT_VERSION = 5.0;
				TARGETED_DEVICE_FAMILY = "1,2";
				TEST_TARGET_NAME = "asl-mobile-app";
			};
			name = Release;
		};
/* End XCBuildConfiguration section */

/* Begin XCConfigurationList section */
		3578E3052D62406D003660F8 /* Build configuration list for PBXProject "asl-mobile-app" */ = {
			isa = XCConfigurationList;
			buildConfigurations = (
				3578E32C2D62406E003660F8 /* Debug */,
				3578E32D2D62406E003660F8 /* Release */,
			);
			defaultConfigurationIsVisible = 0;
			defaultConfigurationName = Release;
		};
		3578E32E2D62406E003660F8 /* Build configuration list for PBXNativeTarget "asl-mobile-app" */ = {
			isa = XCConfigurationList;
			buildConfigurations = (
				3578E32F2D62406E003660F8 /* Debug */,
				3578E3302D62406E003660F8 /* Release */,
			);
			defaultConfigurationIsVisible = 0;
			defaultConfigurationName = Release;
		};
		3578E3312D62406E003660F8 /* Build configuration list for PBXNativeTarget "asl-mobile-appTests" */ = {
			isa = XCConfigurationList;
			buildConfigurations = (
				3578E3322D62406E003660F8 /* Debug */,
				3578E3332D62406E003660F8 /* Release */,
			);
			defaultConfigurationIsVisible = 0;
			defaultConfigurationName = Release;
		};
		3578E3342D62406E003660F8 /* Build configuration list for PBXNativeTarget "asl-mobile-appUITests" */ = {
			isa = XCConfigurationList;
			buildConfigurations = (
				3578E3352D62406E003660F8 /* Debug */,
				3578E3362D62406E003660F8 /* Release */,
			);
			defaultConfigurationIsVisible = 0;
			defaultConfigurationName = Release;
		};
/* End XCConfigurationList section */
	};
	rootObject = 3578E3022D62406D003660F8 /* Project object */;
}
